// !$*UTF8*$!
{
	archiveVersion = 1;
	classes = {
	};
	objectVersion = 46;
	objects = {

/* Begin PBXBuildFile section */
		ABB191151A12F39800548DF9 /* AppDelegate.m in Sources */ = {isa = PBXBuildFile; fileRef = ABB191141A12F39800548DF9 /* AppDelegate.m */; };
		ABB191171A12F39800548DF9 /* main.m in Sources */ = {isa = PBXBuildFile; fileRef = ABB191161A12F39800548DF9 /* main.m */; };
		ABB191191A12F39800548DF9 /* Images.xcassets in Resources */ = {isa = PBXBuildFile; fileRef = ABB191181A12F39800548DF9 /* Images.xcassets */; };
		ABB1911C1A12F39800548DF9 /* MainMenu.xib in Resources */ = {isa = PBXBuildFile; fileRef = ABB1911A1A12F39800548DF9 /* MainMenu.xib */; };
		ABB191281A12F39800548DF9 /* KeynoteFontFinderTests.m in Sources */ = {isa = PBXBuildFile; fileRef = ABB191271A12F39800548DF9 /* KeynoteFontFinderTests.m */; };
		ABB191331A12F3BD00548DF9 /* MainViewController.m in Sources */ = {isa = PBXBuildFile; fileRef = ABB191321A12F3BD00548DF9 /* MainViewController.m */; };
/* End PBXBuildFile section */

/* Begin PBXContainerItemProxy section */
		ABB191221A12F39800548DF9 /* PBXContainerItemProxy */ = {
			isa = PBXContainerItemProxy;
			containerPortal = ABB191061A12F39800548DF9 /* Project object */;
			proxyType = 1;
			remoteGlobalIDString = ABB1910D1A12F39800548DF9;
			remoteInfo = KeynoteFontFinder;
		};
/* End PBXContainerItemProxy section */

/* Begin PBXFileReference section */
		ABB1910E1A12F39800548DF9 /* KeynoteFontFinder.app */ = {isa = PBXFileReference; explicitFileType = wrapper.application; includeInIndex = 0; path = KeynoteFontFinder.app; sourceTree = BUILT_PRODUCTS_DIR; };
		ABB191121A12F39800548DF9 /* Info.plist */ = {isa = PBXFileReference; lastKnownFileType = text.plist.xml; path = Info.plist; sourceTree = "<group>"; };
		ABB191131A12F39800548DF9 /* AppDelegate.h */ = {isa = PBXFileReference; lastKnownFileType = sourcecode.c.h; path = AppDelegate.h; sourceTree = "<group>"; };
		ABB191141A12F39800548DF9 /* AppDelegate.m */ = {isa = PBXFileReference; lastKnownFileType = sourcecode.c.objc; path = AppDelegate.m; sourceTree = "<group>"; };
		ABB191161A12F39800548DF9 /* main.m */ = {isa = PBXFileReference; lastKnownFileType = sourcecode.c.objc; path = main.m; sourceTree = "<group>"; };
		ABB191181A12F39800548DF9 /* Images.xcassets */ = {isa = PBXFileReference; lastKnownFileType = folder.assetcatalog; path = Images.xcassets; sourceTree = "<group>"; };
		ABB1911B1A12F39800548DF9 /* Base */ = {isa = PBXFileReference; lastKnownFileType = file.xib; name = Base; path = Base.lproj/MainMenu.xib; sourceTree = "<group>"; };
		ABB191211A12F39800548DF9 /* KeynoteFontFinderTests.xctest */ = {isa = PBXFileReference; explicitFileType = wrapper.cfbundle; includeInIndex = 0; path = KeynoteFontFinderTests.xctest; sourceTree = BUILT_PRODUCTS_DIR; };
		ABB191261A12F39800548DF9 /* Info.plist */ = {isa = PBXFileReference; lastKnownFileType = text.plist.xml; path = Info.plist; sourceTree = "<group>"; };
		ABB191271A12F39800548DF9 /* KeynoteFontFinderTests.m */ = {isa = PBXFileReference; lastKnownFileType = sourcecode.c.objc; path = KeynoteFontFinderTests.m; sourceTree = "<group>"; };
		ABB191311A12F3BD00548DF9 /* MainViewController.h */ = {isa = PBXFileReference; fileEncoding = 4; lastKnownFileType = sourcecode.c.h; path = MainViewController.h; sourceTree = "<group>"; };
		ABB191321A12F3BD00548DF9 /* MainViewController.m */ = {isa = PBXFileReference; fileEncoding = 4; lastKnownFileType = sourcecode.c.objc; path = MainViewController.m; sourceTree = "<group>"; };
/* End PBXFileReference section */

/* Begin PBXFrameworksBuildPhase section */
		ABB1910B1A12F39800548DF9 /* Frameworks */ = {
			isa = PBXFrameworksBuildPhase;
			buildActionMask = 2147483647;
			files = (
			);
			runOnlyForDeploymentPostprocessing = 0;
		};
		ABB1911E1A12F39800548DF9 /* Frameworks */ = {
			isa = PBXFrameworksBuildPhase;
			buildActionMask = 2147483647;
			files = (
			);
			runOnlyForDeploymentPostprocessing = 0;
		};
/* End PBXFrameworksBuildPhase section */

/* Begin PBXGroup section */
		ABB191051A12F39800548DF9 = {
			isa = PBXGroup;
			children = (
				ABB191101A12F39800548DF9 /* KeynoteFontFinder */,
				ABB191241A12F39800548DF9 /* KeynoteFontFinderTests */,
				ABB1910F1A12F39800548DF9 /* Products */,
			);
			sourceTree = "<group>";
		};
		ABB1910F1A12F39800548DF9 /* Products */ = {
			isa = PBXGroup;
			children = (
				ABB1910E1A12F39800548DF9 /* KeynoteFontFinder.app */,
				ABB191211A12F39800548DF9 /* KeynoteFontFinderTests.xctest */,
			);
			name = Products;
			sourceTree = "<group>";
		};
		ABB191101A12F39800548DF9 /* KeynoteFontFinder */ = {
			isa = PBXGroup;
			children = (
				ABB191131A12F39800548DF9 /* AppDelegate.h */,
				ABB191141A12F39800548DF9 /* AppDelegate.m */,
				ABB191181A12F39800548DF9 /* Images.xcassets */,
				ABB1911A1A12F39800548DF9 /* MainMenu.xib */,
				ABB191111A12F39800548DF9 /* Supporting Files */,
				ABB191311A12F3BD00548DF9 /* MainViewController.h */,
				ABB191321A12F3BD00548DF9 /* MainViewController.m */,
			);
			path = KeynoteFontFinder;
			sourceTree = "<group>";
		};
		ABB191111A12F39800548DF9 /* Supporting Files */ = {
			isa = PBXGroup;
			children = (
				ABB191121A12F39800548DF9 /* Info.plist */,
				ABB191161A12F39800548DF9 /* main.m */,
			);
			name = "Supporting Files";
			sourceTree = "<group>";
		};
		ABB191241A12F39800548DF9 /* KeynoteFontFinderTests */ = {
			isa = PBXGroup;
			children = (
				ABB191271A12F39800548DF9 /* KeynoteFontFinderTests.m */,
				ABB191251A12F39800548DF9 /* Supporting Files */,
			);
			path = KeynoteFontFinderTests;
			sourceTree = "<group>";
		};
		ABB191251A12F39800548DF9 /* Supporting Files */ = {
			isa = PBXGroup;
			children = (
				ABB191261A12F39800548DF9 /* Info.plist */,
			);
			name = "Supporting Files";
			sourceTree = "<group>";
		};
/* End PBXGroup section */

/* Begin PBXNativeTarget section */
		ABB1910D1A12F39800548DF9 /* KeynoteFontFinder */ = {
			isa = PBXNativeTarget;
			buildConfigurationList = ABB1912B1A12F39800548DF9 /* Build configuration list for PBXNativeTarget "KeynoteFontFinder" */;
			buildPhases = (
				ABB1910A1A12F39800548DF9 /* Sources */,
				ABB1910B1A12F39800548DF9 /* Frameworks */,
				ABB1910C1A12F39800548DF9 /* Resources */,
			);
			buildRules = (
			);
			dependencies = (
			);
			name = KeynoteFontFinder;
			productName = KeynoteFontFinder;
			productReference = ABB1910E1A12F39800548DF9 /* KeynoteFontFinder.app */;
			productType = "com.apple.product-type.application";
		};
		ABB191201A12F39800548DF9 /* KeynoteFontFinderTests */ = {
			isa = PBXNativeTarget;
			buildConfigurationList = ABB1912E1A12F39800548DF9 /* Build configuration list for PBXNativeTarget "KeynoteFontFinderTests" */;
			buildPhases = (
				ABB1911D1A12F39800548DF9 /* Sources */,
				ABB1911E1A12F39800548DF9 /* Frameworks */,
				ABB1911F1A12F39800548DF9 /* Resources */,
			);
			buildRules = (
			);
			dependencies = (
				ABB191231A12F39800548DF9 /* PBXTargetDependency */,
			);
			name = KeynoteFontFinderTests;
			productName = KeynoteFontFinderTests;
			productReference = ABB191211A12F39800548DF9 /* KeynoteFontFinderTests.xctest */;
			productType = "com.apple.product-type.bundle.unit-test";
		};
/* End PBXNativeTarget section */

/* Begin PBXProject section */
		ABB191061A12F39800548DF9 /* Project object */ = {
			isa = PBXProject;
			attributes = {
				LastUpgradeCheck = 0610;
				ORGANIZATIONNAME = "Code School";
				TargetAttributes = {
					ABB1910D1A12F39800548DF9 = {
						CreatedOnToolsVersion = 6.1;
					};
					ABB191201A12F39800548DF9 = {
						CreatedOnToolsVersion = 6.1;
						TestTargetID = ABB1910D1A12F39800548DF9;
					};
				};
			};
			buildConfigurationList = ABB191091A12F39800548DF9 /* Build configuration list for PBXProject "KeynoteFontFinder" */;
			compatibilityVersion = "Xcode 3.2";
			developmentRegion = English;
			hasScannedForEncodings = 0;
			knownRegions = (
				en,
				Base,
			);
			mainGroup = ABB191051A12F39800548DF9;
			productRefGroup = ABB1910F1A12F39800548DF9 /* Products */;
			projectDirPath = "";
			projectRoot = "";
			targets = (
				ABB1910D1A12F39800548DF9 /* KeynoteFontFinder */,
				ABB191201A12F39800548DF9 /* KeynoteFontFinderTests */,
			);
		};
/* End PBXProject section */

/* Begin PBXResourcesBuildPhase section */
		ABB1910C1A12F39800548DF9 /* Resources */ = {
			isa = PBXResourcesBuildPhase;
			buildActionMask = 2147483647;
			files = (
				ABB191191A12F39800548DF9 /* Images.xcassets in Resources */,
				ABB1911C1A12F39800548DF9 /* MainMenu.xib in Resources */,
			);
			runOnlyForDeploymentPostprocessing = 0;
		};
		ABB1911F1A12F39800548DF9 /* Resources */ = {
			isa = PBXResourcesBuildPhase;
			buildActionMask = 2147483647;
			files = (
			);
			runOnlyForDeploymentPostprocessing = 0;
		};
/* End PBXResourcesBuildPhase section */

/* Begin PBXSourcesBuildPhase section */
		ABB1910A1A12F39800548DF9 /* Sources */ = {
			isa = PBXSourcesBuildPhase;
			buildActionMask = 2147483647;
			files = (
				ABB191171A12F39800548DF9 /* main.m in Sources */,
				ABB191331A12F3BD00548DF9 /* MainViewController.m in Sources */,
				ABB191151A12F39800548DF9 /* AppDelegate.m in Sources */,
			);
			runOnlyForDeploymentPostprocessing = 0;
		};
		ABB1911D1A12F39800548DF9 /* Sources */ = {
			isa = PBXSourcesBuildPhase;
			buildActionMask = 2147483647;
			files = (
				ABB191281A12F39800548DF9 /* KeynoteFontFinderTests.m in Sources */,
			);
			runOnlyForDeploymentPostprocessing = 0;
		};
/* End PBXSourcesBuildPhase section */

/* Begin PBXTargetDependency section */
		ABB191231A12F39800548DF9 /* PBXTargetDependency */ = {
			isa = PBXTargetDependency;
			target = ABB1910D1A12F39800548DF9 /* KeynoteFontFinder */;
			targetProxy = ABB191221A12F39800548DF9 /* PBXContainerItemProxy */;
		};
/* End PBXTargetDependency section */

/* Begin PBXVariantGroup section */
		ABB1911A1A12F39800548DF9 /* MainMenu.xib */ = {
			isa = PBXVariantGroup;
			children = (
				ABB1911B1A12F39800548DF9 /* Base */,
			);
			name = MainMenu.xib;
			sourceTree = "<group>";
		};
/* End PBXVariantGroup section */

/* Begin XCBuildConfiguration section */
		ABB191291A12F39800548DF9 /* Debug */ = {
			isa = XCBuildConfiguration;
			buildSettings = {
				ALWAYS_SEARCH_USER_PATHS = NO;
				CLANG_CXX_LANGUAGE_STANDARD = "gnu++0x";
				CLANG_CXX_LIBRARY = "libc++";
				CLANG_ENABLE_MODULES = YES;
				CLANG_ENABLE_OBJC_ARC = YES;
				CLANG_WARN_BOOL_CONVERSION = YES;
				CLANG_WARN_CONSTANT_CONVERSION = YES;
				CLANG_WARN_DIRECT_OBJC_ISA_USAGE = YES_ERROR;
				CLANG_WARN_EMPTY_BODY = YES;
				CLANG_WARN_ENUM_CONVERSION = YES;
				CLANG_WARN_INT_CONVERSION = YES;
				CLANG_WARN_OBJC_ROOT_CLASS = YES_ERROR;
				CLANG_WARN_UNREACHABLE_CODE = YES;
				CLANG_WARN__DUPLICATE_METHOD_MATCH = YES;
				CODE_SIGN_IDENTITY = "-";
				COPY_PHASE_STRIP = NO;
				ENABLE_STRICT_OBJC_MSGSEND = YES;
				GCC_C_LANGUAGE_STANDARD = gnu99;
				GCC_DYNAMIC_NO_PIC = NO;
				GCC_OPTIMIZATION_LEVEL = 0;
				GCC_PREPROCESSOR_DEFINITIONS = (
					"DEBUG=1",
					"$(inherited)",
				);
				GCC_SYMBOLS_PRIVATE_EXTERN = NO;
				GCC_WARN_64_TO_32_BIT_CONVERSION = YES;
				GCC_WARN_ABOUT_RETURN_TYPE = YES_ERROR;
				GCC_WARN_UNDECLARED_SELECTOR = YES;
				GCC_WARN_UNINITIALIZED_AUTOS = YES_AGGRESSIVE;
				GCC_WARN_UNUSED_FUNCTION = YES;
				GCC_WARN_UNUSED_VARIABLE = YES;
				MACOSX_DEPLOYMENT_TARGET = 10.9;
				MTL_ENABLE_DEBUG_INFO = YES;
				ONLY_ACTIVE_ARCH = YES;
				SDKROOT = macosx;
			};
			name = Debug;
		};
		ABB1912A1A12F39800548DF9 /* Release */ = {
			isa = XCBuildConfiguration;
			buildSettings = {
				ALWAYS_SEARCH_USER_PATHS = NO;
				CLANG_CXX_LANGUAGE_STANDARD = "gnu++0x";
				CLANG_CXX_LIBRARY = "libc++";
				CLANG_ENABLE_MODULES = YES;
				CLANG_ENABLE_OBJC_ARC = YES;
				CLANG_WARN_BOOL_CONVERSION = YES;
				CLANG_WARN_CONSTANT_CONVERSION = YES;
				CLANG_WARN_DIRECT_OBJC_ISA_USAGE = YES_ERROR;
				CLANG_WARN_EMPTY_BODY = YES;
				CLANG_WARN_ENUM_CONVERSION = YES;
				CLANG_WARN_INT_CONVERSION = YES;
				CLANG_WARN_OBJC_ROOT_CLASS = YES_ERROR;
				CLANG_WARN_UNREACHABLE_CODE = YES;
				CLANG_WARN__DUPLICATE_METHOD_MATCH = YES;
				CODE_SIGN_IDENTITY = "-";
				COPY_PHASE_STRIP = YES;
				DEBUG_INFORMATION_FORMAT = "dwarf-with-dsym";
				ENABLE_NS_ASSERTIONS = NO;
				ENABLE_STRICT_OBJC_MSGSEND = YES;
				GCC_C_LANGUAGE_STANDARD = gnu99;
				GCC_WARN_64_TO_32_BIT_CONVERSION = YES;
				GCC_WARN_ABOUT_RETURN_TYPE = YES_ERROR;
				GCC_WARN_UNDECLARED_SELECTOR = YES;
				GCC_WARN_UNINITIALIZED_AUTOS = YES_AGGRESSIVE;
				GCC_WARN_UNUSED_FUNCTION = YES;
				GCC_WARN_UNUSED_VARIABLE = YES;
				MACOSX_DEPLOYMENT_TARGET = 10.9;
				MTL_ENABLE_DEBUG_INFO = NO;
				SDKROOT = macosx;
			};
			name = Release;
		};
		ABB1912C1A12F39800548DF9 /* Debug */ = {
			isa = XCBuildConfiguration;
			buildSettings = {
				ASSETCATALOG_COMPILER_APPICON_NAME = AppIcon;
				COMBINE_HIDPI_IMAGES = YES;
				INFOPLIST_FILE = KeynoteFontFinder/Info.plist;
				LD_RUNPATH_SEARCH_PATHS = "$(inherited) @executable_path/../Frameworks";
				PRODUCT_NAME = "$(TARGET_NAME)";
			};
			name = Debug;
		};
		ABB1912D1A12F39800548DF9 /* Release */ = {
			isa = XCBuildConfiguration;
			buildSettings = {
				ASSETCATALOG_COMPILER_APPICON_NAME = AppIcon;
				COMBINE_HIDPI_IMAGES = YES;
				INFOPLIST_FILE = KeynoteFontFinder/Info.plist;
				LD_RUNPATH_SEARCH_PATHS = "$(inherited) @executable_path/../Frameworks";
				PRODUCT_NAME = "$(TARGET_NAME)";
			};
			name = Release;
		};
		ABB1912F1A12F39800548DF9 /* Debug */ = {
			isa = XCBuildConfiguration;
			buildSettings = {
				BUNDLE_LOADER = "$(TEST_HOST)";
				COMBINE_HIDPI_IMAGES = YES;
				FRAMEWORK_SEARCH_PATHS = (
					"$(DEVELOPER_FRAMEWORKS_DIR)",
					"$(inherited)",
				);
				GCC_PREPROCESSOR_DEFINITIONS = (
					"DEBUG=1",
					"$(inherited)",
				);
				INFOPLIST_FILE = KeynoteFontFinderTests/Info.plist;
				LD_RUNPATH_SEARCH_PATHS = "$(inherited) @executable_path/../Frameworks @loader_path/../Frameworks";
				PRODUCT_NAME = "$(TARGET_NAME)";
				TEST_HOST = "$(BUILT_PRODUCTS_DIR)/KeynoteFontFinder.app/Contents/MacOS/KeynoteFontFinder";
			};
			name = Debug;
		};
		ABB191301A12F39800548DF9 /* Release */ = {
			isa = XCBuildConfiguration;
			buildSettings = {
				BUNDLE_LOADER = "$(TEST_HOST)";
				COMBINE_HIDPI_IMAGES = YES;
				FRAMEWORK_SEARCH_PATHS = (
					"$(DEVELOPER_FRAMEWORKS_DIR)",
					"$(inherited)",
				);
				INFOPLIST_FILE = KeynoteFontFinderTests/Info.plist;
				LD_RUNPATH_SEARCH_PATHS = "$(inherited) @executable_path/../Frameworks @loader_path/../Frameworks";
				PRODUCT_NAME = "$(TARGET_NAME)";
				TEST_HOST = "$(BUILT_PRODUCTS_DIR)/KeynoteFontFinder.app/Contents/MacOS/KeynoteFontFinder";
			};
			name = Release;
		};
/* End XCBuildConfiguration section */

/* Begin XCConfigurationList section */
		ABB191091A12F39800548DF9 /* Build configuration list for PBXProject "KeynoteFontFinder" */ = {
			isa = XCConfigurationList;
			buildConfigurations = (
				ABB191291A12F39800548DF9 /* Debug */,
				ABB1912A1A12F39800548DF9 /* Release */,
			);
			defaultConfigurationIsVisible = 0;
			defaultConfigurationName = Release;
		};
		ABB1912B1A12F39800548DF9 /* Build configuration list for PBXNativeTarget "KeynoteFontFinder" */ = {
			isa = XCConfigurationList;
			buildConfigurations = (
				ABB1912C1A12F39800548DF9 /* Debug */,
				ABB1912D1A12F39800548DF9 /* Release */,
			);
			defaultConfigurationIsVisible = 0;
		};
		ABB1912E1A12F39800548DF9 /* Build configuration list for PBXNativeTarget "KeynoteFontFinderTests" */ = {
			isa = XCConfigurationList;
			buildConfigurations = (
				ABB1912F1A12F39800548DF9 /* Debug */,
				ABB191301A12F39800548DF9 /* Release */,
			);
			defaultConfigurationIsVisible = 0;
		};
/* End XCConfigurationList section */
	};
	rootObject = ABB191061A12F39800548DF9 /* Project object */;
}
